
Microsoft Visual Studio Solution File, Format Version 12.00
# Visual Studio Version 17
VisualStudioVersion = 17.7.34009.444
MinimumVisualStudioVersion = 10.0.40219.1
Project("{FAE04EC0-301F-11D3-BF4B-00C04F79EFBC}") = "VolleyballAPI", "VolleyballAPI\VolleyballAPI.csproj", "{5D3FB368-7A79-4213-9CD0-5735C269B2BC}"
EndProject
Global
	GlobalSection(SolutionConfigurationPlatforms) = preSolution
		Debug|Any CPU = Debug|Any CPU
		Release|Any CPU = Release|Any CPU
	EndGlobalSection
	GlobalSection(ProjectConfigurationPlatforms) = postSolution
		{5D3FB368-7A79-4213-9CD0-5735C269B2BC}.Debug|Any CPU.ActiveCfg = Debug|Any CPU
		{5D3FB368-7A79-4213-9CD0-5735C269B2BC}.Debug|Any CPU.Build.0 = Debug|Any CPU
		{5D3FB368-7A79-4213-9CD0-5735C269B2BC}.Release|Any CPU.ActiveCfg = Release|Any CPU
		{5D3FB368-7A79-4213-9CD0-5735C269B2BC}.Release|Any CPU.Build.0 = Release|Any CPU
	EndGlobalSection
	GlobalSection(SolutionProperties) = preSolution
		HideSolutionNode = FALSE
	EndGlobalSection
	GlobalSection(ExtensibilityGlobals) = postSolution
		SolutionGuid = {F9F78B27-D3A3-4457-B0F7-E4FF9FD44276}
	EndGlobalSection
EndGlobal
